// !$*UTF8*$!
{
	archiveVersion = 1;
	classes = {
	};
	objectVersion = 46;
	objects = {

/* Begin PBXBuildFile section */
		0DE99639B5498B17C0CC5AAD /* libPods-JCChartProject.a in Frameworks */ = {isa = PBXBuildFile; fileRef = 6107AB340FFFED4FCC1BBAD2 /* libPods-JCChartProject.a */; };
		1E21B7DE1EC93A4300D69E9D /* main.m in Sources */ = {isa = PBXBuildFile; fileRef = 1E21B7DD1EC93A4300D69E9D /* main.m */; };
		1E21B7E71EC93A4300D69E9D /* Main.storyboard in Resources */ = {isa = PBXBuildFile; fileRef = 1E21B7E51EC93A4300D69E9D /* Main.storyboard */; };
		1E21B7E91EC93A4300D69E9D /* Assets.xcassets in Resources */ = {isa = PBXBuildFile; fileRef = 1E21B7E81EC93A4300D69E9D /* Assets.xcassets */; };
		1E21B7EC1EC93A4300D69E9D /* LaunchScreen.storyboard in Resources */ = {isa = PBXBuildFile; fileRef = 1E21B7EA1EC93A4300D69E9D /* LaunchScreen.storyboard */; };
		1E21B7F71EC93A4400D69E9D /* JCChartProjectTests.m in Sources */ = {isa = PBXBuildFile; fileRef = 1E21B7F61EC93A4400D69E9D /* JCChartProjectTests.m */; };
		1E21B8021EC93A4400D69E9D /* JCChartProjectUITests.m in Sources */ = {isa = PBXBuildFile; fileRef = 1E21B8011EC93A4400D69E9D /* JCChartProjectUITests.m */; };
		1E21B8421EC97DF900D69E9D /* AppDelegate.m in Sources */ = {isa = PBXBuildFile; fileRef = 1E21B8351EC97DF900D69E9D /* AppDelegate.m */; };
		1E21B8431EC97DF900D69E9D /* Foundation+Log.m in Sources */ = {isa = PBXBuildFile; fileRef = 1E21B8361EC97DF900D69E9D /* Foundation+Log.m */; };
		1E21B8441EC97DF900D69E9D /* ViewController.m in Sources */ = {isa = PBXBuildFile; fileRef = 1E21B8381EC97DF900D69E9D /* ViewController.m */; };
		1E21B8451EC97DF900D69E9D /* XHConst.m in Sources */ = {isa = PBXBuildFile; fileRef = 1E21B83A1EC97DF900D69E9D /* XHConst.m */; };
		1E21B8461EC97DF900D69E9D /* XHHttpTool.m in Sources */ = {isa = PBXBuildFile; fileRef = 1E21B83C1EC97DF900D69E9D /* XHHttpTool.m */; };
		1E21B85A1EC97E1F00D69E9D /* MXBarButtonItem.m in Sources */ = {isa = PBXBuildFile; fileRef = 1E21B8491EC97E1F00D69E9D /* MXBarButtonItem.m */; };
		1E21B85B1EC97E1F00D69E9D /* MXNavigationBar.m in Sources */ = {isa = PBXBuildFile; fileRef = 1E21B84D1EC97E1F00D69E9D /* MXNavigationBar.m */; };
		1E21B85C1EC97E1F00D69E9D /* MXNavigationController.m in Sources */ = {isa = PBXBuildFile; fileRef = 1E21B84F1EC97E1F00D69E9D /* MXNavigationController.m */; };
		1E21B85D1EC97E1F00D69E9D /* MXNavigationItem.m in Sources */ = {isa = PBXBuildFile; fileRef = 1E21B8511EC97E1F00D69E9D /* MXNavigationItem.m */; };
		1E21B85E1EC97E1F00D69E9D /* MXTabBarController.m in Sources */ = {isa = PBXBuildFile; fileRef = 1E21B8531EC97E1F00D69E9D /* MXTabBarController.m */; };
		1E21B85F1EC97E1F00D69E9D /* NSString+Add.m in Sources */ = {isa = PBXBuildFile; fileRef = 1E21B8551EC97E1F00D69E9D /* NSString+Add.m */; };
		1E21B8601EC97E1F00D69E9D /* UIView+Add.m in Sources */ = {isa = PBXBuildFile; fileRef = 1E21B8571EC97E1F00D69E9D /* UIView+Add.m */; };
		1E21B8611EC97E1F00D69E9D /* UIViewController+MXNavigation.m in Sources */ = {isa = PBXBuildFile; fileRef = 1E21B8591EC97E1F00D69E9D /* UIViewController+MXNavigation.m */; };
		1E21B8651EC97E9B00D69E9D /* JCHomeVC.m in Sources */ = {isa = PBXBuildFile; fileRef = 1E21B8631EC97E9B00D69E9D /* JCHomeVC.m */; };
		1E21B8661EC97E9B00D69E9D /* JCHomeVC.xib in Resources */ = {isa = PBXBuildFile; fileRef = 1E21B8641EC97E9B00D69E9D /* JCHomeVC.xib */; };
		1E21B86A1EC97EA900D69E9D /* JCFunctionVC.m in Sources */ = {isa = PBXBuildFile; fileRef = 1E21B8681EC97EA900D69E9D /* JCFunctionVC.m */; };
		1E21B86B1EC97EA900D69E9D /* JCFunctionVC.xib in Resources */ = {isa = PBXBuildFile; fileRef = 1E21B8691EC97EA900D69E9D /* JCFunctionVC.xib */; };
		1E21B86F1EC97EBF00D69E9D /* JCStrategyVC.m in Sources */ = {isa = PBXBuildFile; fileRef = 1E21B86D1EC97EBF00D69E9D /* JCStrategyVC.m */; };
		1E21B8701EC97EBF00D69E9D /* JCStrategyVC.xib in Resources */ = {isa = PBXBuildFile; fileRef = 1E21B86E1EC97EBF00D69E9D /* JCStrategyVC.xib */; };
		1E21B8741EC97ECE00D69E9D /* JCMoreVC.m in Sources */ = {isa = PBXBuildFile; fileRef = 1E21B8721EC97ECE00D69E9D /* JCMoreVC.m */; };
		1E21B8751EC97ECE00D69E9D /* JCMoreVC.xib in Resources */ = {isa = PBXBuildFile; fileRef = 1E21B8731EC97ECE00D69E9D /* JCMoreVC.xib */; };
		1E21B8791EC9837000D69E9D /* JCFuncSecondVC.m in Sources */ = {isa = PBXBuildFile; fileRef = 1E21B8771EC9837000D69E9D /* JCFuncSecondVC.m */; };
		1E21B87A1EC9837000D69E9D /* JCFuncSecondVC.xib in Resources */ = {isa = PBXBuildFile; fileRef = 1E21B8781EC9837000D69E9D /* JCFuncSecondVC.xib */; };
		1EC2012E1EC994E50013E173 /* JCBaseModel.m in Sources */ = {isa = PBXBuildFile; fileRef = 1EC2012D1EC994E50013E173 /* JCBaseModel.m */; };
		1EC201311ECA88C10013E173 /* JCFuncBaseModel.m in Sources */ = {isa = PBXBuildFile; fileRef = 1EC201301ECA88C10013E173 /* JCFuncBaseModel.m */; };
		1EC2013B1ECA94620013E173 /* JCFunctionCell.m in Sources */ = {isa = PBXBuildFile; fileRef = 1EC201391ECA94620013E173 /* JCFunctionCell.m */; };
		1EC2013C1ECA94620013E173 /* JCFunctionCell.xib in Resources */ = {isa = PBXBuildFile; fileRef = 1EC2013A1ECA94620013E173 /* JCFunctionCell.xib */; };
		1EC201431ECA9D590013E173 /* buddy_header_arrow@2x.png in Resources */ = {isa = PBXBuildFile; fileRef = 1EC2013E1ECA9D590013E173 /* buddy_header_arrow@2x.png */; };
		1EC201441ECA9D590013E173 /* ContactsGroupModel.m in Sources */ = {isa = PBXBuildFile; fileRef = 1EC201401ECA9D590013E173 /* ContactsGroupModel.m */; };
		1EC201451ECA9D590013E173 /* ContactsListHeader.m in Sources */ = {isa = PBXBuildFile; fileRef = 1EC201421ECA9D590013E173 /* ContactsListHeader.m */; };
		1EC201491ECAB3760013E173 /* JCFuncThirdVC.m in Sources */ = {isa = PBXBuildFile; fileRef = 1EC201471ECAB3760013E173 /* JCFuncThirdVC.m */; };
		1EC2014A1ECAB3760013E173 /* JCFuncThirdVC.xib in Resources */ = {isa = PBXBuildFile; fileRef = 1EC201481ECAB3760013E173 /* JCFuncThirdVC.xib */; };
		1EC201861ECAB46E0013E173 /* LxButton.m in Sources */ = {isa = PBXBuildFile; fileRef = 1EC2014E1ECAB46E0013E173 /* LxButton.m */; };
		1EC201871ECAB46E0013E173 /* UIColor+Expanded.m in Sources */ = {isa = PBXBuildFile; fileRef = 1EC201501ECAB46E0013E173 /* UIColor+Expanded.m */; };
		1EC201881ECAB46E0013E173 /* UILabel+LXLabel.m in Sources */ = {isa = PBXBuildFile; fileRef = 1EC201521ECAB46E0013E173 /* UILabel+LXLabel.m */; };
		1EC2018A1ECAB46E0013E173 /* UIView+Frame.m in Sources */ = {isa = PBXBuildFile; fileRef = 1EC201561ECAB46E0013E173 /* UIView+Frame.m */; };
		1EC2018B1ECAB46E0013E173 /* GridButton.m in Sources */ = {isa = PBXBuildFile; fileRef = 1EC201581ECAB46E0013E173 /* GridButton.m */; };
		1EC2018C1ECAB46E0013E173 /* GridView.m in Sources */ = {isa = PBXBuildFile; fileRef = 1EC2015A1ECAB46E0013E173 /* GridView.m */; };
		1EC2018D1ECAB46E0013E173 /* add_businesses.png in Resources */ = {isa = PBXBuildFile; fileRef = 1EC2015C1ECAB46E0013E173 /* add_businesses.png */; };
		1EC2018E1ECAB46E0013E173 /* app_item_add.png in Resources */ = {isa = PBXBuildFile; fileRef = 1EC2015D1ECAB46E0013E173 /* app_item_add.png */; };
		1EC2018F1ECAB46E0013E173 /* app_item_bg.png in Resources */ = {isa = PBXBuildFile; fileRef = 1EC2015E1ECAB46E0013E173 /* app_item_bg.png */; };
		1EC201901ECAB46E0013E173 /* app_item_plus.png in Resources */ = {isa = PBXBuildFile; fileRef = 1EC2015F1ECAB46E0013E173 /* app_item_plus.png */; };
		1EC201911ECAB46E0013E173 /* app_item_pressed_bg.png in Resources */ = {isa = PBXBuildFile; fileRef = 1EC201601ECAB46E0013E173 /* app_item_pressed_bg.png */; };
		1EC201921ECAB46E0013E173 /* more_icon_-transfer@2x.png in Resources */ = {isa = PBXBuildFile; fileRef = 1EC201611ECAB46E0013E173 /* more_icon_-transfer@2x.png */; };
		1EC201931ECAB46E0013E173 /* more_icon_-transfer@3x.png in Resources */ = {isa = PBXBuildFile; fileRef = 1EC201621ECAB46E0013E173 /* more_icon_-transfer@3x.png */; };
		1EC201941ECAB46E0013E173 /* more_icon_cancle_deal@2x.png in Resources */ = {isa = PBXBuildFile; fileRef = 1EC201631ECAB46E0013E173 /* more_icon_cancle_deal@2x.png */; };
		1EC201951ECAB46E0013E173 /* more_icon_cancle_deal@3x.png in Resources */ = {isa = PBXBuildFile; fileRef = 1EC201641ECAB46E0013E173 /* more_icon_cancle_deal@3x.png */; };
		1EC201961ECAB46E0013E173 /* more_icon_Credit-card-@2x.png in Resources */ = {isa = PBXBuildFile; fileRef = 1EC201651ECAB46E0013E173 /* more_icon_Credit-card-@2x.png */; };
		1EC201971ECAB46E0013E173 /* more_icon_Credit-card-@3x.png in Resources */ = {isa = PBXBuildFile; fileRef = 1EC201661ECAB46E0013E173 /* more_icon_Credit-card-@3x.png */; };
		1EC201981ECAB46E0013E173 /* more_icon_d1@2x.png in Resources */ = {isa = PBXBuildFile; fileRef = 1EC201671ECAB46E0013E173 /* more_icon_d1@2x.png */; };
		1EC201991ECAB46E0013E173 /* more_icon_d1@3x.png in Resources */ = {isa = PBXBuildFile; fileRef = 1EC201681ECAB46E0013E173 /* more_icon_d1@3x.png */; };
		1EC2019A1ECAB46E0013E173 /* more_icon_gift@2x.png in Resources */ = {isa = PBXBuildFile; fileRef = 1EC201691ECAB46E0013E173 /* more_icon_gift@2x.png */; };
		1EC2019B1ECAB46E0013E173 /* more_icon_gift@3x.png in Resources */ = {isa = PBXBuildFile; fileRef = 1EC2016A1ECAB46E0013E173 /* more_icon_gift@3x.png */; };
		1EC2019C1ECAB46E0013E173 /* more_icon_immediately@2x.png in Resources */ = {isa = PBXBuildFile; fileRef = 1EC2016B1ECAB46E0013E173 /* more_icon_immediately@2x.png */; };
		1EC2019D1ECAB46E0013E173 /* more_icon_immediately@3x.png in Resources */ = {isa = PBXBuildFile; fileRef = 1EC2016C1ECAB46E0013E173 /* more_icon_immediately@3x.png */; };
		1EC2019E1ECAB46E0013E173 /* more_icon_licai@2x.png in Resources */ = {isa = PBXBuildFile; fileRef = 1EC2016D1ECAB46E0013E173 /* more_icon_licai@2x.png */; };
		1EC2019F1ECAB46E0013E173 /* more_icon_licai@3x.png in Resources */ = {isa = PBXBuildFile; fileRef = 1EC2016E1ECAB46E0013E173 /* more_icon_licai@3x.png */; };
		1EC201A01ECAB46E0013E173 /* more_icon_Mall@2x.png in Resources */ = {isa = PBXBuildFile; fileRef = 1EC2016F1ECAB46E0013E173 /* more_icon_Mall@2x.png */; };
		1EC201A11ECAB46E0013E173 /* more_icon_Mall@3x.png in Resources */ = {isa = PBXBuildFile; fileRef = 1EC201701ECAB46E0013E173 /* more_icon_Mall@3x.png */; };
		1EC201A21ECAB46E0013E173 /* more_icon_Manager@2x.png in Resources */ = {isa = PBXBuildFile; fileRef = 1EC201711ECAB46E0013E173 /* more_icon_Manager@2x.png */; };
		1EC201A31ECAB46E0013E173 /* more_icon_Manager@3x.png in Resources */ = {isa = PBXBuildFile; fileRef = 1EC201721ECAB46E0013E173 /* more_icon_Manager@3x.png */; };
		1EC201A41ECAB46E0013E173 /* more_icon_Prepaid-card@2x.png in Resources */ = {isa = PBXBuildFile; fileRef = 1EC201731ECAB46E0013E173 /* more_icon_Prepaid-card@2x.png */; };
		1EC201A51ECAB46E0013E173 /* more_icon_Prepaidcard@3x.png in Resources */ = {isa = PBXBuildFile; fileRef = 1EC201741ECAB46E0013E173 /* more_icon_Prepaidcard@3x.png */; };
		1EC201A61ECAB46E0013E173 /* more_icon_Recharge@2x.png in Resources */ = {isa = PBXBuildFile; fileRef = 1EC201751ECAB46E0013E173 /* more_icon_Recharge@2x.png */; };
		1EC201A71ECAB46E0013E173 /* more_icon_Recharge@3x.png in Resources */ = {isa = PBXBuildFile; fileRef = 1EC201761ECAB46E0013E173 /* more_icon_Recharge@3x.png */; };
		1EC201A81ECAB46E0013E173 /* more_icon_Search@2x.png in Resources */ = {isa = PBXBuildFile; fileRef = 1EC201771ECAB46E0013E173 /* more_icon_Search@2x.png */; };
		1EC201A91ECAB46E0013E173 /* more_icon_Search@3x.png in Resources */ = {isa = PBXBuildFile; fileRef = 1EC201781ECAB46E0013E173 /* more_icon_Search@3x.png */; };
		1EC201AA1ECAB46E0013E173 /* more_icon_Settlement@2x.png in Resources */ = {isa = PBXBuildFile; fileRef = 1EC201791ECAB46E0013E173 /* more_icon_Settlement@2x.png */; };
		1EC201AB1ECAB46E0013E173 /* more_icon_Settlement@3x.png in Resources */ = {isa = PBXBuildFile; fileRef = 1EC2017A1ECAB46E0013E173 /* more_icon_Settlement@3x.png */; };
		1EC201AC1ECAB46E0013E173 /* more_icon_shouyin@2x.png in Resources */ = {isa = PBXBuildFile; fileRef = 1EC2017B1ECAB46E0013E173 /* more_icon_shouyin@2x.png */; };
		1EC201AD1ECAB46E0013E173 /* more_icon_shouyin@3x.png in Resources */ = {isa = PBXBuildFile; fileRef = 1EC2017C1ECAB46E0013E173 /* more_icon_shouyin@3x.png */; };
		1EC201AE1ECAB46E0013E173 /* more_icon_t0@2x.png in Resources */ = {isa = PBXBuildFile; fileRef = 1EC2017D1ECAB46E0013E173 /* more_icon_t0@2x.png */; };
		1EC201AF1ECAB46E0013E173 /* more_icon_t0@3x.png in Resources */ = {isa = PBXBuildFile; fileRef = 1EC2017E1ECAB46E0013E173 /* more_icon_t0@3x.png */; };
		1EC201B01ECAB46E0013E173 /* more_icon_Transaction_flow@2x.png in Resources */ = {isa = PBXBuildFile; fileRef = 1EC2017F1ECAB46E0013E173 /* more_icon_Transaction_flow@2x.png */; };
		1EC201B11ECAB46E0013E173 /* more_icon_Transaction_flow@3x.png in Resources */ = {isa = PBXBuildFile; fileRef = 1EC201801ECAB46E0013E173 /* more_icon_Transaction_flow@3x.png */; };
		1EC201B21ECAB46E0013E173 /* more_icon_Transfer-@2x.png in Resources */ = {isa = PBXBuildFile; fileRef = 1EC201811ECAB46E0013E173 /* more_icon_Transfer-@2x.png */; };
		1EC201B31ECAB46E0013E173 /* more_icon_Transfer-@3x.png in Resources */ = {isa = PBXBuildFile; fileRef = 1EC201821ECAB46E0013E173 /* more_icon_Transfer-@3x.png */; };
		1EC201B41ECAB46E0013E173 /* work-order@2x.png in Resources */ = {isa = PBXBuildFile; fileRef = 1EC201831ECAB46E0013E173 /* work-order@2x.png */; };
		1EC201B51ECAB46E0013E173 /* work-order@3x.png in Resources */ = {isa = PBXBuildFile; fileRef = 1EC201841ECAB46E0013E173 /* work-order@3x.png */; };
/* End PBXBuildFile section */

/* Begin PBXContainerItemProxy section */
		1E21B7F31EC93A4400D69E9D /* PBXContainerItemProxy */ = {
			isa = PBXContainerItemProxy;
			containerPortal = 1E21B7D11EC93A4300D69E9D /* Project object */;
			proxyType = 1;
			remoteGlobalIDString = 1E21B7D81EC93A4300D69E9D;
			remoteInfo = JCChartProject;
		};
		1E21B7FE1EC93A4400D69E9D /* PBXContainerItemProxy */ = {
			isa = PBXContainerItemProxy;
			containerPortal = 1E21B7D11EC93A4300D69E9D /* Project object */;
			proxyType = 1;
			remoteGlobalIDString = 1E21B7D81EC93A4300D69E9D;
			remoteInfo = JCChartProject;
		};
/* End PBXContainerItemProxy section */

/* Begin PBXFileReference section */
		1E21B7D91EC93A4300D69E9D /* JCChartProject.app */ = {isa = PBXFileReference; explicitFileType = wrapper.application; includeInIndex = 0; path = JCChartProject.app; sourceTree = BUILT_PRODUCTS_DIR; };
		1E21B7DD1EC93A4300D69E9D /* main.m */ = {isa = PBXFileReference; lastKnownFileType = sourcecode.c.objc; path = main.m; sourceTree = "<group>"; };
		1E21B7E61EC93A4300D69E9D /* Base */ = {isa = PBXFileReference; lastKnownFileType = file.storyboard; name = Base; path = Base.lproj/Main.storyboard; sourceTree = "<group>"; };
		1E21B7E81EC93A4300D69E9D /* Assets.xcassets */ = {isa = PBXFileReference; lastKnownFileType = folder.assetcatalog; path = Assets.xcassets; sourceTree = "<group>"; };
		1E21B7EB1EC93A4300D69E9D /* Base */ = {isa = PBXFileReference; lastKnownFileType = file.storyboard; name = Base; path = Base.lproj/LaunchScreen.storyboard; sourceTree = "<group>"; };
		1E21B7ED1EC93A4300D69E9D /* Info.plist */ = {isa = PBXFileReference; lastKnownFileType = text.plist.xml; path = Info.plist; sourceTree = "<group>"; };
		1E21B7F21EC93A4400D69E9D /* JCChartProjectTests.xctest */ = {isa = PBXFileReference; explicitFileType = wrapper.cfbundle; includeInIndex = 0; path = JCChartProjectTests.xctest; sourceTree = BUILT_PRODUCTS_DIR; };
		1E21B7F61EC93A4400D69E9D /* JCChartProjectTests.m */ = {isa = PBXFileReference; lastKnownFileType = sourcecode.c.objc; path = JCChartProjectTests.m; sourceTree = "<group>"; };
		1E21B7F81EC93A4400D69E9D /* Info.plist */ = {isa = PBXFileReference; lastKnownFileType = text.plist.xml; path = Info.plist; sourceTree = "<group>"; };
		1E21B7FD1EC93A4400D69E9D /* JCChartProjectUITests.xctest */ = {isa = PBXFileReference; explicitFileType = wrapper.cfbundle; includeInIndex = 0; path = JCChartProjectUITests.xctest; sourceTree = BUILT_PRODUCTS_DIR; };
		1E21B8011EC93A4400D69E9D /* JCChartProjectUITests.m */ = {isa = PBXFileReference; lastKnownFileType = sourcecode.c.objc; path = JCChartProjectUITests.m; sourceTree = "<group>"; };
		1E21B8031EC93A4400D69E9D /* Info.plist */ = {isa = PBXFileReference; lastKnownFileType = text.plist.xml; path = Info.plist; sourceTree = "<group>"; };
		1E21B8341EC97DF900D69E9D /* AppDelegate.h */ = {isa = PBXFileReference; fileEncoding = 4; lastKnownFileType = sourcecode.c.h; path = AppDelegate.h; sourceTree = "<group>"; };
		1E21B8351EC97DF900D69E9D /* AppDelegate.m */ = {isa = PBXFileReference; fileEncoding = 4; lastKnownFileType = sourcecode.c.objc; path = AppDelegate.m; sourceTree = "<group>"; };
		1E21B8361EC97DF900D69E9D /* Foundation+Log.m */ = {isa = PBXFileReference; fileEncoding = 4; lastKnownFileType = sourcecode.c.objc; path = "Foundation+Log.m"; sourceTree = "<group>"; };
		1E21B8371EC97DF900D69E9D /* ViewController.h */ = {isa = PBXFileReference; fileEncoding = 4; lastKnownFileType = sourcecode.c.h; path = ViewController.h; sourceTree = "<group>"; };
		1E21B8381EC97DF900D69E9D /* ViewController.m */ = {isa = PBXFileReference; fileEncoding = 4; lastKnownFileType = sourcecode.c.objc; path = ViewController.m; sourceTree = "<group>"; };
		1E21B8391EC97DF900D69E9D /* XHConst.h */ = {isa = PBXFileReference; fileEncoding = 4; lastKnownFileType = sourcecode.c.h; path = XHConst.h; sourceTree = "<group>"; };
		1E21B83A1EC97DF900D69E9D /* XHConst.m */ = {isa = PBXFileReference; fileEncoding = 4; lastKnownFileType = sourcecode.c.objc; path = XHConst.m; sourceTree = "<group>"; };
		1E21B83B1EC97DF900D69E9D /* XHHttpTool.h */ = {isa = PBXFileReference; fileEncoding = 4; lastKnownFileType = sourcecode.c.h; path = XHHttpTool.h; sourceTree = "<group>"; };
		1E21B83C1EC97DF900D69E9D /* XHHttpTool.m */ = {isa = PBXFileReference; fileEncoding = 4; lastKnownFileType = sourcecode.c.objc; path = XHHttpTool.m; sourceTree = "<group>"; };
		1E21B8481EC97E1F00D69E9D /* MXBarButtonItem.h */ = {isa = PBXFileReference; fileEncoding = 4; lastKnownFileType = sourcecode.c.h; path = MXBarButtonItem.h; sourceTree = "<group>"; };
		1E21B8491EC97E1F00D69E9D /* MXBarButtonItem.m */ = {isa = PBXFileReference; fileEncoding = 4; lastKnownFileType = sourcecode.c.objc; path = MXBarButtonItem.m; sourceTree = "<group>"; };
		1E21B84A1EC97E1F00D69E9D /* MXConstant.h */ = {isa = PBXFileReference; fileEncoding = 4; lastKnownFileType = sourcecode.c.h; path = MXConstant.h; sourceTree = "<group>"; };
		1E21B84B1EC97E1F00D69E9D /* MXNavigation.h */ = {isa = PBXFileReference; fileEncoding = 4; lastKnownFileType = sourcecode.c.h; path = MXNavigation.h; sourceTree = "<group>"; };
		1E21B84C1EC97E1F00D69E9D /* MXNavigationBar.h */ = {isa = PBXFileReference; fileEncoding = 4; lastKnownFileType = sourcecode.c.h; path = MXNavigationBar.h; sourceTree = "<group>"; };
		1E21B84D1EC97E1F00D69E9D /* MXNavigationBar.m */ = {isa = PBXFileReference; fileEncoding = 4; lastKnownFileType = sourcecode.c.objc; path = MXNavigationBar.m; sourceTree = "<group>"; };
		1E21B84E1EC97E1F00D69E9D /* MXNavigationController.h */ = {isa = PBXFileReference; fileEncoding = 4; lastKnownFileType = sourcecode.c.h; path = MXNavigationController.h; sourceTree = "<group>"; };
		1E21B84F1EC97E1F00D69E9D /* MXNavigationController.m */ = {isa = PBXFileReference; fileEncoding = 4; lastKnownFileType = sourcecode.c.objc; path = MXNavigationController.m; sourceTree = "<group>"; };
		1E21B8501EC97E1F00D69E9D /* MXNavigationItem.h */ = {isa = PBXFileReference; fileEncoding = 4; lastKnownFileType = sourcecode.c.h; path = MXNavigationItem.h; sourceTree = "<group>"; };
		1E21B8511EC97E1F00D69E9D /* MXNavigationItem.m */ = {isa = PBXFileReference; fileEncoding = 4; lastKnownFileType = sourcecode.c.objc; path = MXNavigationItem.m; sourceTree = "<group>"; };
		1E21B8521EC97E1F00D69E9D /* MXTabBarController.h */ = {isa = PBXFileReference; fileEncoding = 4; lastKnownFileType = sourcecode.c.h; path = MXTabBarController.h; sourceTree = "<group>"; };
		1E21B8531EC97E1F00D69E9D /* MXTabBarController.m */ = {isa = PBXFileReference; fileEncoding = 4; lastKnownFileType = sourcecode.c.objc; path = MXTabBarController.m; sourceTree = "<group>"; };
		1E21B8541EC97E1F00D69E9D /* NSString+Add.h */ = {isa = PBXFileReference; fileEncoding = 4; lastKnownFileType = sourcecode.c.h; path = "NSString+Add.h"; sourceTree = "<group>"; };
		1E21B8551EC97E1F00D69E9D /* NSString+Add.m */ = {isa = PBXFileReference; fileEncoding = 4; lastKnownFileType = sourcecode.c.objc; path = "NSString+Add.m"; sourceTree = "<group>"; };
		1E21B8561EC97E1F00D69E9D /* UIView+Add.h */ = {isa = PBXFileReference; fileEncoding = 4; lastKnownFileType = sourcecode.c.h; path = "UIView+Add.h"; sourceTree = "<group>"; };
		1E21B8571EC97E1F00D69E9D /* UIView+Add.m */ = {isa = PBXFileReference; fileEncoding = 4; lastKnownFileType = sourcecode.c.objc; path = "UIView+Add.m"; sourceTree = "<group>"; };
		1E21B8581EC97E1F00D69E9D /* UIViewController+MXNavigation.h */ = {isa = PBXFileReference; fileEncoding = 4; lastKnownFileType = sourcecode.c.h; path = "UIViewController+MXNavigation.h"; sourceTree = "<group>"; };
		1E21B8591EC97E1F00D69E9D /* UIViewController+MXNavigation.m */ = {isa = PBXFileReference; fileEncoding = 4; lastKnownFileType = sourcecode.c.objc; path = "UIViewController+MXNavigation.m"; sourceTree = "<group>"; };
		1E21B8621EC97E9B00D69E9D /* JCHomeVC.h */ = {isa = PBXFileReference; fileEncoding = 4; lastKnownFileType = sourcecode.c.h; path = JCHomeVC.h; sourceTree = "<group>"; };
		1E21B8631EC97E9B00D69E9D /* JCHomeVC.m */ = {isa = PBXFileReference; fileEncoding = 4; lastKnownFileType = sourcecode.c.objc; path = JCHomeVC.m; sourceTree = "<group>"; };
		1E21B8641EC97E9B00D69E9D /* JCHomeVC.xib */ = {isa = PBXFileReference; fileEncoding = 4; lastKnownFileType = file.xib; path = JCHomeVC.xib; sourceTree = "<group>"; };
		1E21B8671EC97EA900D69E9D /* JCFunctionVC.h */ = {isa = PBXFileReference; fileEncoding = 4; lastKnownFileType = sourcecode.c.h; path = JCFunctionVC.h; sourceTree = "<group>"; };
		1E21B8681EC97EA900D69E9D /* JCFunctionVC.m */ = {isa = PBXFileReference; fileEncoding = 4; lastKnownFileType = sourcecode.c.objc; path = JCFunctionVC.m; sourceTree = "<group>"; };
		1E21B8691EC97EA900D69E9D /* JCFunctionVC.xib */ = {isa = PBXFileReference; fileEncoding = 4; lastKnownFileType = file.xib; path = JCFunctionVC.xib; sourceTree = "<group>"; };
		1E21B86C1EC97EBF00D69E9D /* JCStrategyVC.h */ = {isa = PBXFileReference; fileEncoding = 4; lastKnownFileType = sourcecode.c.h; path = JCStrategyVC.h; sourceTree = "<group>"; };
		1E21B86D1EC97EBF00D69E9D /* JCStrategyVC.m */ = {isa = PBXFileReference; fileEncoding = 4; lastKnownFileType = sourcecode.c.objc; path = JCStrategyVC.m; sourceTree = "<group>"; };
		1E21B86E1EC97EBF00D69E9D /* JCStrategyVC.xib */ = {isa = PBXFileReference; fileEncoding = 4; lastKnownFileType = file.xib; path = JCStrategyVC.xib; sourceTree = "<group>"; };
		1E21B8711EC97ECE00D69E9D /* JCMoreVC.h */ = {isa = PBXFileReference; fileEncoding = 4; lastKnownFileType = sourcecode.c.h; path = JCMoreVC.h; sourceTree = "<group>"; };
		1E21B8721EC97ECE00D69E9D /* JCMoreVC.m */ = {isa = PBXFileReference; fileEncoding = 4; lastKnownFileType = sourcecode.c.objc; path = JCMoreVC.m; sourceTree = "<group>"; };
		1E21B8731EC97ECE00D69E9D /* JCMoreVC.xib */ = {isa = PBXFileReference; fileEncoding = 4; lastKnownFileType = file.xib; path = JCMoreVC.xib; sourceTree = "<group>"; };
		1E21B8761EC9837000D69E9D /* JCFuncSecondVC.h */ = {isa = PBXFileReference; fileEncoding = 4; lastKnownFileType = sourcecode.c.h; path = JCFuncSecondVC.h; sourceTree = "<group>"; };
		1E21B8771EC9837000D69E9D /* JCFuncSecondVC.m */ = {isa = PBXFileReference; fileEncoding = 4; lastKnownFileType = sourcecode.c.objc; path = JCFuncSecondVC.m; sourceTree = "<group>"; };
		1E21B8781EC9837000D69E9D /* JCFuncSecondVC.xib */ = {isa = PBXFileReference; fileEncoding = 4; lastKnownFileType = file.xib; path = JCFuncSecondVC.xib; sourceTree = "<group>"; };
		1EC2012C1EC994E50013E173 /* JCBaseModel.h */ = {isa = PBXFileReference; fileEncoding = 4; lastKnownFileType = sourcecode.c.h; path = JCBaseModel.h; sourceTree = "<group>"; };
		1EC2012D1EC994E50013E173 /* JCBaseModel.m */ = {isa = PBXFileReference; fileEncoding = 4; lastKnownFileType = sourcecode.c.objc; path = JCBaseModel.m; sourceTree = "<group>"; };
		1EC2012F1ECA88C10013E173 /* JCFuncBaseModel.h */ = {isa = PBXFileReference; fileEncoding = 4; lastKnownFileType = sourcecode.c.h; path = JCFuncBaseModel.h; sourceTree = "<group>"; };
		1EC201301ECA88C10013E173 /* JCFuncBaseModel.m */ = {isa = PBXFileReference; fileEncoding = 4; lastKnownFileType = sourcecode.c.objc; path = JCFuncBaseModel.m; sourceTree = "<group>"; };
		1EC201381ECA94620013E173 /* JCFunctionCell.h */ = {isa = PBXFileReference; fileEncoding = 4; lastKnownFileType = sourcecode.c.h; path = JCFunctionCell.h; sourceTree = "<group>"; };
		1EC201391ECA94620013E173 /* JCFunctionCell.m */ = {isa = PBXFileReference; fileEncoding = 4; lastKnownFileType = sourcecode.c.objc; path = JCFunctionCell.m; sourceTree = "<group>"; };
		1EC2013A1ECA94620013E173 /* JCFunctionCell.xib */ = {isa = PBXFileReference; fileEncoding = 4; lastKnownFileType = file.xib; path = JCFunctionCell.xib; sourceTree = "<group>"; };
		1EC2013E1ECA9D590013E173 /* buddy_header_arrow@2x.png */ = {isa = PBXFileReference; lastKnownFileType = image.png; path = "buddy_header_arrow@2x.png"; sourceTree = "<group>"; };
		1EC2013F1ECA9D590013E173 /* ContactsGroupModel.h */ = {isa = PBXFileReference; fileEncoding = 4; lastKnownFileType = sourcecode.c.h; path = ContactsGroupModel.h; sourceTree = "<group>"; };
		1EC201401ECA9D590013E173 /* ContactsGroupModel.m */ = {isa = PBXFileReference; fileEncoding = 4; lastKnownFileType = sourcecode.c.objc; path = ContactsGroupModel.m; sourceTree = "<group>"; };
		1EC201411ECA9D590013E173 /* ContactsListHeader.h */ = {isa = PBXFileReference; fileEncoding = 4; lastKnownFileType = sourcecode.c.h; path = ContactsListHeader.h; sourceTree = "<group>"; };
		1EC201421ECA9D590013E173 /* ContactsListHeader.m */ = {isa = PBXFileReference; fileEncoding = 4; lastKnownFileType = sourcecode.c.objc; path = ContactsListHeader.m; sourceTree = "<group>"; };
		1EC201461ECAB3760013E173 /* JCFuncThirdVC.h */ = {isa = PBXFileReference; fileEncoding = 4; lastKnownFileType = sourcecode.c.h; path = JCFuncThirdVC.h; sourceTree = "<group>"; };
		1EC201471ECAB3760013E173 /* JCFuncThirdVC.m */ = {isa = PBXFileReference; fileEncoding = 4; lastKnownFileType = sourcecode.c.objc; path = JCFuncThirdVC.m; sourceTree = "<group>"; };
		1EC201481ECAB3760013E173 /* JCFuncThirdVC.xib */ = {isa = PBXFileReference; fileEncoding = 4; lastKnownFileType = file.xib; path = JCFuncThirdVC.xib; sourceTree = "<group>"; };
		1EC2014D1ECAB46E0013E173 /* LxButton.h */ = {isa = PBXFileReference; fileEncoding = 4; lastKnownFileType = sourcecode.c.h; path = LxButton.h; sourceTree = "<group>"; };
		1EC2014E1ECAB46E0013E173 /* LxButton.m */ = {isa = PBXFileReference; fileEncoding = 4; lastKnownFileType = sourcecode.c.objc; path = LxButton.m; sourceTree = "<group>"; };
		1EC2014F1ECAB46E0013E173 /* UIColor+Expanded.h */ = {isa = PBXFileReference; fileEncoding = 4; lastKnownFileType = sourcecode.c.h; path = "UIColor+Expanded.h"; sourceTree = "<group>"; };
		1EC201501ECAB46E0013E173 /* UIColor+Expanded.m */ = {isa = PBXFileReference; fileEncoding = 4; lastKnownFileType = sourcecode.c.objc; path = "UIColor+Expanded.m"; sourceTree = "<group>"; };
		1EC201511ECAB46E0013E173 /* UILabel+LXLabel.h */ = {isa = PBXFileReference; fileEncoding = 4; lastKnownFileType = sourcecode.c.h; path = "UILabel+LXLabel.h"; sourceTree = "<group>"; };
		1EC201521ECAB46E0013E173 /* UILabel+LXLabel.m */ = {isa = PBXFileReference; fileEncoding = 4; lastKnownFileType = sourcecode.c.objc; path = "UILabel+LXLabel.m"; sourceTree = "<group>"; };
		1EC201551ECAB46E0013E173 /* UIView+Frame.h */ = {isa = PBXFileReference; fileEncoding = 4; lastKnownFileType = sourcecode.c.h; path = "UIView+Frame.h"; sourceTree = "<group>"; };
		1EC201561ECAB46E0013E173 /* UIView+Frame.m */ = {isa = PBXFileReference; fileEncoding = 4; lastKnownFileType = sourcecode.c.objc; path = "UIView+Frame.m"; sourceTree = "<group>"; };
		1EC201571ECAB46E0013E173 /* GridButton.h */ = {isa = PBXFileReference; fileEncoding = 4; lastKnownFileType = sourcecode.c.h; path = GridButton.h; sourceTree = "<group>"; };
		1EC201581ECAB46E0013E173 /* GridButton.m */ = {isa = PBXFileReference; fileEncoding = 4; lastKnownFileType = sourcecode.c.objc; path = GridButton.m; sourceTree = "<group>"; };
		1EC201591ECAB46E0013E173 /* GridView.h */ = {isa = PBXFileReference; fileEncoding = 4; lastKnownFileType = sourcecode.c.h; path = GridView.h; sourceTree = "<group>"; };
		1EC2015A1ECAB46E0013E173 /* GridView.m */ = {isa = PBXFileReference; fileEncoding = 4; lastKnownFileType = sourcecode.c.objc; path = GridView.m; sourceTree = "<group>"; };
		1EC2015C1ECAB46E0013E173 /* add_businesses.png */ = {isa = PBXFileReference; lastKnownFileType = image.png; path = add_businesses.png; sourceTree = "<group>"; };
		1EC2015D1ECAB46E0013E173 /* app_item_add.png */ = {isa = PBXFileReference; lastKnownFileType = image.png; path = app_item_add.png; sourceTree = "<group>"; };
		1EC2015E1ECAB46E0013E173 /* app_item_bg.png */ = {isa = PBXFileReference; lastKnownFileType = image.png; path = app_item_bg.png; sourceTree = "<group>"; };
		1EC2015F1ECAB46E0013E173 /* app_item_plus.png */ = {isa = PBXFileReference; lastKnownFileType = image.png; path = app_item_plus.png; sourceTree = "<group>"; };
		1EC201601ECAB46E0013E173 /* app_item_pressed_bg.png */ = {isa = PBXFileReference; lastKnownFileType = image.png; path = app_item_pressed_bg.png; sourceTree = "<group>"; };
		1EC201611ECAB46E0013E173 /* more_icon_-transfer@2x.png */ = {isa = PBXFileReference; lastKnownFileType = image.png; path = "more_icon_-transfer@2x.png"; sourceTree = "<group>"; };
		1EC201621ECAB46E0013E173 /* more_icon_-transfer@3x.png */ = {isa = PBXFileReference; lastKnownFileType = image.png; path = "more_icon_-transfer@3x.png"; sourceTree = "<group>"; };
		1EC201631ECAB46E0013E173 /* more_icon_cancle_deal@2x.png */ = {isa = PBXFileReference; lastKnownFileType = image.png; path = "more_icon_cancle_deal@2x.png"; sourceTree = "<group>"; };
		1EC201641ECAB46E0013E173 /* more_icon_cancle_deal@3x.png */ = {isa = PBXFileReference; lastKnownFileType = image.png; path = "more_icon_cancle_deal@3x.png"; sourceTree = "<group>"; };
		1EC201651ECAB46E0013E173 /* more_icon_Credit-card-@2x.png */ = {isa = PBXFileReference; lastKnownFileType = image.png; path = "more_icon_Credit-card-@2x.png"; sourceTree = "<group>"; };
		1EC201661ECAB46E0013E173 /* more_icon_Credit-card-@3x.png */ = {isa = PBXFileReference; lastKnownFileType = image.png; path = "more_icon_Credit-card-@3x.png"; sourceTree = "<group>"; };
		1EC201671ECAB46E0013E173 /* more_icon_d1@2x.png */ = {isa = PBXFileReference; lastKnownFileType = image.png; path = "more_icon_d1@2x.png"; sourceTree = "<group>"; };
		1EC201681ECAB46E0013E173 /* more_icon_d1@3x.png */ = {isa = PBXFileReference; lastKnownFileType = image.png; path = "more_icon_d1@3x.png"; sourceTree = "<group>"; };
		1EC201691ECAB46E0013E173 /* more_icon_gift@2x.png */ = {isa = PBXFileReference; lastKnownFileType = image.png; path = "more_icon_gift@2x.png"; sourceTree = "<group>"; };
		1EC2016A1ECAB46E0013E173 /* more_icon_gift@3x.png */ = {isa = PBXFileReference; lastKnownFileType = image.png; path = "more_icon_gift@3x.png"; sourceTree = "<group>"; };
		1EC2016B1ECAB46E0013E173 /* more_icon_immediately@2x.png */ = {isa = PBXFileReference; lastKnownFileType = image.png; path = "more_icon_immediately@2x.png"; sourceTree = "<group>"; };
		1EC2016C1ECAB46E0013E173 /* more_icon_immediately@3x.png */ = {isa = PBXFileReference; lastKnownFileType = image.png; path = "more_icon_immediately@3x.png"; sourceTree = "<group>"; };
		1EC2016D1ECAB46E0013E173 /* more_icon_licai@2x.png */ = {isa = PBXFileReference; lastKnownFileType = image.png; path = "more_icon_licai@2x.png"; sourceTree = "<group>"; };
		1EC2016E1ECAB46E0013E173 /* more_icon_licai@3x.png */ = {isa = PBXFileReference; lastKnownFileType = image.png; path = "more_icon_licai@3x.png"; sourceTree = "<group>"; };
		1EC2016F1ECAB46E0013E173 /* more_icon_Mall@2x.png */ = {isa = PBXFileReference; lastKnownFileType = image.png; path = "more_icon_Mall@2x.png"; sourceTree = "<group>"; };
		1EC201701ECAB46E0013E173 /* more_icon_Mall@3x.png */ = {isa = PBXFileReference; lastKnownFileType = image.png; path = "more_icon_Mall@3x.png"; sourceTree = "<group>"; };
		1EC201711ECAB46E0013E173 /* more_icon_Manager@2x.png */ = {isa = PBXFileReference; lastKnownFileType = image.png; path = "more_icon_Manager@2x.png"; sourceTree = "<group>"; };
		1EC201721ECAB46E0013E173 /* more_icon_Manager@3x.png */ = {isa = PBXFileReference; lastKnownFileType = image.png; path = "more_icon_Manager@3x.png"; sourceTree = "<group>"; };
		1EC201731ECAB46E0013E173 /* more_icon_Prepaid-card@2x.png */ = {isa = PBXFileReference; lastKnownFileType = image.png; path = "more_icon_Prepaid-card@2x.png"; sourceTree = "<group>"; };
		1EC201741ECAB46E0013E173 /* more_icon_Prepaidcard@3x.png */ = {isa = PBXFileReference; lastKnownFileType = image.png; path = "more_icon_Prepaidcard@3x.png"; sourceTree = "<group>"; };
		1EC201751ECAB46E0013E173 /* more_icon_Recharge@2x.png */ = {isa = PBXFileReference; lastKnownFileType = image.png; path = "more_icon_Recharge@2x.png"; sourceTree = "<group>"; };
		1EC201761ECAB46E0013E173 /* more_icon_Recharge@3x.png */ = {isa = PBXFileReference; lastKnownFileType = image.png; path = "more_icon_Recharge@3x.png"; sourceTree = "<group>"; };
		1EC201771ECAB46E0013E173 /* more_icon_Search@2x.png */ = {isa = PBXFileReference; lastKnownFileType = image.png; path = "more_icon_Search@2x.png"; sourceTree = "<group>"; };
		1EC201781ECAB46E0013E173 /* more_icon_Search@3x.png */ = {isa = PBXFileReference; lastKnownFileType = image.png; path = "more_icon_Search@3x.png"; sourceTree = "<group>"; };
		1EC201791ECAB46E0013E173 /* more_icon_Settlement@2x.png */ = {isa = PBXFileReference; lastKnownFileType = image.png; path = "more_icon_Settlement@2x.png"; sourceTree = "<group>"; };
		1EC2017A1ECAB46E0013E173 /* more_icon_Settlement@3x.png */ = {isa = PBXFileReference; lastKnownFileType = image.png; path = "more_icon_Settlement@3x.png"; sourceTree = "<group>"; };
		1EC2017B1ECAB46E0013E173 /* more_icon_shouyin@2x.png */ = {isa = PBXFileReference; lastKnownFileType = image.png; path = "more_icon_shouyin@2x.png"; sourceTree = "<group>"; };
		1EC2017C1ECAB46E0013E173 /* more_icon_shouyin@3x.png */ = {isa = PBXFileReference; lastKnownFileType = image.png; path = "more_icon_shouyin@3x.png"; sourceTree = "<group>"; };
		1EC2017D1ECAB46E0013E173 /* more_icon_t0@2x.png */ = {isa = PBXFileReference; lastKnownFileType = image.png; path = "more_icon_t0@2x.png"; sourceTree = "<group>"; };
		1EC2017E1ECAB46E0013E173 /* more_icon_t0@3x.png */ = {isa = PBXFileReference; lastKnownFileType = image.png; path = "more_icon_t0@3x.png"; sourceTree = "<group>"; };
		1EC2017F1ECAB46E0013E173 /* more_icon_Transaction_flow@2x.png */ = {isa = PBXFileReference; lastKnownFileType = image.png; path = "more_icon_Transaction_flow@2x.png"; sourceTree = "<group>"; };
		1EC201801ECAB46E0013E173 /* more_icon_Transaction_flow@3x.png */ = {isa = PBXFileReference; lastKnownFileType = image.png; path = "more_icon_Transaction_flow@3x.png"; sourceTree = "<group>"; };
		1EC201811ECAB46E0013E173 /* more_icon_Transfer-@2x.png */ = {isa = PBXFileReference; lastKnownFileType = image.png; path = "more_icon_Transfer-@2x.png"; sourceTree = "<group>"; };
		1EC201821ECAB46E0013E173 /* more_icon_Transfer-@3x.png */ = {isa = PBXFileReference; lastKnownFileType = image.png; path = "more_icon_Transfer-@3x.png"; sourceTree = "<group>"; };
		1EC201831ECAB46E0013E173 /* work-order@2x.png */ = {isa = PBXFileReference; lastKnownFileType = image.png; path = "work-order@2x.png"; sourceTree = "<group>"; };
		1EC201841ECAB46E0013E173 /* work-order@3x.png */ = {isa = PBXFileReference; lastKnownFileType = image.png; path = "work-order@3x.png"; sourceTree = "<group>"; };
		6107AB340FFFED4FCC1BBAD2 /* libPods-JCChartProject.a */ = {isa = PBXFileReference; explicitFileType = archive.ar; includeInIndex = 0; path = "libPods-JCChartProject.a"; sourceTree = BUILT_PRODUCTS_DIR; };
		92B40B3194CC02ECD0285EC4 /* Pods-JCChartProject.release.xcconfig */ = {isa = PBXFileReference; includeInIndex = 1; lastKnownFileType = text.xcconfig; name = "Pods-JCChartProject.release.xcconfig"; path = "Pods/Target Support Files/Pods-JCChartProject/Pods-JCChartProject.release.xcconfig"; sourceTree = "<group>"; };
		B61BFE7DE238B953A245FAB9 /* Pods-JCChartProject.debug.xcconfig */ = {isa = PBXFileReference; includeInIndex = 1; lastKnownFileType = text.xcconfig; name = "Pods-JCChartProject.debug.xcconfig"; path = "Pods/Target Support Files/Pods-JCChartProject/Pods-JCChartProject.debug.xcconfig"; sourceTree = "<group>"; };
/* End PBXFileReference section */

/* Begin PBXFrameworksBuildPhase section */
		1E21B7D61EC93A4300D69E9D /* Frameworks */ = {
			isa = PBXFrameworksBuildPhase;
			buildActionMask = 2147483647;
			files = (
				0DE99639B5498B17C0CC5AAD /* libPods-JCChartProject.a in Frameworks */,
			);
			runOnlyForDeploymentPostprocessing = 0;
		};
		1E21B7EF1EC93A4400D69E9D /* Frameworks */ = {
			isa = PBXFrameworksBuildPhase;
			buildActionMask = 2147483647;
			files = (
			);
			runOnlyForDeploymentPostprocessing = 0;
		};
		1E21B7FA1EC93A4400D69E9D /* Frameworks */ = {
			isa = PBXFrameworksBuildPhase;
			buildActionMask = 2147483647;
			files = (
			);
			runOnlyForDeploymentPostprocessing = 0;
		};
/* End PBXFrameworksBuildPhase section */

/* Begin PBXGroup section */
		1E21B7D01EC93A4300D69E9D = {
			isa = PBXGroup;
			children = (
				1E21B7DB1EC93A4300D69E9D /* JCChartProject */,
				1E21B7F51EC93A4400D69E9D /* JCChartProjectTests */,
				1E21B8001EC93A4400D69E9D /* JCChartProjectUITests */,
				1E21B7DA1EC93A4300D69E9D /* Products */,
				D07CB4333A7046524486648E /* Pods */,
				A9F5F75D46C72511BFC15148 /* Frameworks */,
			);
			sourceTree = "<group>";
		};
		1E21B7DA1EC93A4300D69E9D /* Products */ = {
			isa = PBXGroup;
			children = (
				1E21B7D91EC93A4300D69E9D /* JCChartProject.app */,
				1E21B7F21EC93A4400D69E9D /* JCChartProjectTests.xctest */,
				1E21B7FD1EC93A4400D69E9D /* JCChartProjectUITests.xctest */,
			);
			name = Products;
			sourceTree = "<group>";
		};
		1E21B7DB1EC93A4300D69E9D /* JCChartProject */ = {
			isa = PBXGroup;
			children = (
				1E21B8291EC97DF900D69E9D /* Home(首页) */,
				1E21B8251EC97DF900D69E9D /* Function(功能) */,
				1E21B83E1EC97DF900D69E9D /* Strategy(策略) */,
				1E21B82D1EC97DF900D69E9D /* More(更多) */,
				1E21B8311EC97DF900D69E9D /* Other(其他) */,
				1E21B7E51EC93A4300D69E9D /* Main.storyboard */,
				1E21B7E81EC93A4300D69E9D /* Assets.xcassets */,
				1E21B7EA1EC93A4300D69E9D /* LaunchScreen.storyboard */,
				1E21B7ED1EC93A4300D69E9D /* Info.plist */,
				1E21B7DC1EC93A4300D69E9D /* Supporting Files */,
			);
			path = JCChartProject;
			sourceTree = "<group>";
		};
		1E21B7DC1EC93A4300D69E9D /* Supporting Files */ = {
			isa = PBXGroup;
			children = (
				1E21B7DD1EC93A4300D69E9D /* main.m */,
			);
			name = "Supporting Files";
			sourceTree = "<group>";
		};
		1E21B7F51EC93A4400D69E9D /* JCChartProjectTests */ = {
			isa = PBXGroup;
			children = (
				1E21B7F61EC93A4400D69E9D /* JCChartProjectTests.m */,
				1E21B7F81EC93A4400D69E9D /* Info.plist */,
			);
			path = JCChartProjectTests;
			sourceTree = "<group>";
		};
		1E21B8001EC93A4400D69E9D /* JCChartProjectUITests */ = {
			isa = PBXGroup;
			children = (
				1E21B8011EC93A4400D69E9D /* JCChartProjectUITests.m */,
				1E21B8031EC93A4400D69E9D /* Info.plist */,
			);
			path = JCChartProjectUITests;
			sourceTree = "<group>";
		};
		1E21B8251EC97DF900D69E9D /* Function(功能) */ = {
			isa = PBXGroup;
			children = (
				1E21B8261EC97DF900D69E9D /* Controller */,
				1E21B8271EC97DF900D69E9D /* Model */,
				1E21B8281EC97DF900D69E9D /* View */,
			);
			path = "Function(功能)";
			sourceTree = "<group>";
		};
		1E21B8261EC97DF900D69E9D /* Controller */ = {
			isa = PBXGroup;
			children = (
				1E21B8671EC97EA900D69E9D /* JCFunctionVC.h */,
				1E21B8681EC97EA900D69E9D /* JCFunctionVC.m */,
				1E21B8691EC97EA900D69E9D /* JCFunctionVC.xib */,
				1E21B8761EC9837000D69E9D /* JCFuncSecondVC.h */,
				1E21B8771EC9837000D69E9D /* JCFuncSecondVC.m */,
				1E21B8781EC9837000D69E9D /* JCFuncSecondVC.xib */,
				1EC201461ECAB3760013E173 /* JCFuncThirdVC.h */,
				1EC201471ECAB3760013E173 /* JCFuncThirdVC.m */,
				1EC201481ECAB3760013E173 /* JCFuncThirdVC.xib */,
			);
			path = Controller;
			sourceTree = "<group>";
		};
		1E21B8271EC97DF900D69E9D /* Model */ = {
			isa = PBXGroup;
			children = (
				1EC2012F1ECA88C10013E173 /* JCFuncBaseModel.h */,
				1EC201301ECA88C10013E173 /* JCFuncBaseModel.m */,
			);
			path = Model;
			sourceTree = "<group>";
		};
		1E21B8281EC97DF900D69E9D /* View */ = {
			isa = PBXGroup;
			children = (
				1EC201381ECA94620013E173 /* JCFunctionCell.h */,
				1EC201391ECA94620013E173 /* JCFunctionCell.m */,
				1EC2013A1ECA94620013E173 /* JCFunctionCell.xib */,
			);
			path = View;
			sourceTree = "<group>";
		};
		1E21B8291EC97DF900D69E9D /* Home(首页) */ = {
			isa = PBXGroup;
			children = (
				1E21B82A1EC97DF900D69E9D /* Controller */,
				1E21B82B1EC97DF900D69E9D /* Model */,
				1E21B82C1EC97DF900D69E9D /* View */,
			);
			path = "Home(首页)";
			sourceTree = "<group>";
		};
		1E21B82A1EC97DF900D69E9D /* Controller */ = {
			isa = PBXGroup;
			children = (
				1E21B8621EC97E9B00D69E9D /* JCHomeVC.h */,
				1E21B8631EC97E9B00D69E9D /* JCHomeVC.m */,
				1E21B8641EC97E9B00D69E9D /* JCHomeVC.xib */,
			);
			path = Controller;
			sourceTree = "<group>";
		};
		1E21B82B1EC97DF900D69E9D /* Model */ = {
			isa = PBXGroup;
			children = (
			);
			path = Model;
			sourceTree = "<group>";
		};
		1E21B82C1EC97DF900D69E9D /* View */ = {
			isa = PBXGroup;
			children = (
			);
			path = View;
			sourceTree = "<group>";
		};
		1E21B82D1EC97DF900D69E9D /* More(更多) */ = {
			isa = PBXGroup;
			children = (
				1E21B82E1EC97DF900D69E9D /* Controller */,
				1E21B82F1EC97DF900D69E9D /* Model */,
				1E21B8301EC97DF900D69E9D /* View */,
			);
			path = "More(更多)";
			sourceTree = "<group>";
		};
		1E21B82E1EC97DF900D69E9D /* Controller */ = {
			isa = PBXGroup;
			children = (
				1E21B8711EC97ECE00D69E9D /* JCMoreVC.h */,
				1E21B8721EC97ECE00D69E9D /* JCMoreVC.m */,
				1E21B8731EC97ECE00D69E9D /* JCMoreVC.xib */,
			);
			path = Controller;
			sourceTree = "<group>";
		};
		1E21B82F1EC97DF900D69E9D /* Model */ = {
			isa = PBXGroup;
			children = (
			);
			path = Model;
			sourceTree = "<group>";
		};
		1E21B8301EC97DF900D69E9D /* View */ = {
			isa = PBXGroup;
			children = (
			);
			path = View;
			sourceTree = "<group>";
		};
		1E21B8311EC97DF900D69E9D /* Other(其他) */ = {
			isa = PBXGroup;
			children = (
				1EC2012B1EC994D20013E173 /* Model */,
				1E21B8321EC97DF900D69E9D /* Libs */,
				1E21B8331EC97DF900D69E9D /* Main */,
				1E21B83D1EC97DF900D69E9D /* Tools */,
			);
			path = "Other(其他)";
			sourceTree = "<group>";
		};
		1E21B8321EC97DF900D69E9D /* Libs */ = {
			isa = PBXGroup;
			children = (
			);
			path = Libs;
			sourceTree = "<group>";
		};
		1E21B8331EC97DF900D69E9D /* Main */ = {
			isa = PBXGroup;
			children = (
				1E21B8341EC97DF900D69E9D /* AppDelegate.h */,
				1E21B8351EC97DF900D69E9D /* AppDelegate.m */,
				1E21B8361EC97DF900D69E9D /* Foundation+Log.m */,
				1E21B8371EC97DF900D69E9D /* ViewController.h */,
				1E21B8381EC97DF900D69E9D /* ViewController.m */,
				1E21B8391EC97DF900D69E9D /* XHConst.h */,
				1E21B83A1EC97DF900D69E9D /* XHConst.m */,
				1E21B83B1EC97DF900D69E9D /* XHHttpTool.h */,
				1E21B83C1EC97DF900D69E9D /* XHHttpTool.m */,
			);
			path = Main;
			sourceTree = "<group>";
		};
		1E21B83D1EC97DF900D69E9D /* Tools */ = {
			isa = PBXGroup;
			children = (
				1EC2014B1ECAB46E0013E173 /* GridView */,
				1EC2013D1ECA9D590013E173 /* Class */,
				1E21B8471EC97E1F00D69E9D /* NavAndTab */,
			);
			path = Tools;
			sourceTree = "<group>";
		};
		1E21B83E1EC97DF900D69E9D /* Strategy(策略) */ = {
			isa = PBXGroup;
			children = (
				1E21B83F1EC97DF900D69E9D /* Controller */,
				1E21B8401EC97DF900D69E9D /* Model */,
				1E21B8411EC97DF900D69E9D /* View */,
			);
			path = "Strategy(策略)";
			sourceTree = "<group>";
		};
		1E21B83F1EC97DF900D69E9D /* Controller */ = {
			isa = PBXGroup;
			children = (
				1E21B86C1EC97EBF00D69E9D /* JCStrategyVC.h */,
				1E21B86D1EC97EBF00D69E9D /* JCStrategyVC.m */,
				1E21B86E1EC97EBF00D69E9D /* JCStrategyVC.xib */,
			);
			path = Controller;
			sourceTree = "<group>";
		};
		1E21B8401EC97DF900D69E9D /* Model */ = {
			isa = PBXGroup;
			children = (
			);
			path = Model;
			sourceTree = "<group>";
		};
		1E21B8411EC97DF900D69E9D /* View */ = {
			isa = PBXGroup;
			children = (
			);
			path = View;
			sourceTree = "<group>";
		};
		1E21B8471EC97E1F00D69E9D /* NavAndTab */ = {
			isa = PBXGroup;
			children = (
				1E21B8481EC97E1F00D69E9D /* MXBarButtonItem.h */,
				1E21B8491EC97E1F00D69E9D /* MXBarButtonItem.m */,
				1E21B84A1EC97E1F00D69E9D /* MXConstant.h */,
				1E21B84B1EC97E1F00D69E9D /* MXNavigation.h */,
				1E21B84C1EC97E1F00D69E9D /* MXNavigationBar.h */,
				1E21B84D1EC97E1F00D69E9D /* MXNavigationBar.m */,
				1E21B84E1EC97E1F00D69E9D /* MXNavigationController.h */,
				1E21B84F1EC97E1F00D69E9D /* MXNavigationController.m */,
				1E21B8501EC97E1F00D69E9D /* MXNavigationItem.h */,
				1E21B8511EC97E1F00D69E9D /* MXNavigationItem.m */,
				1E21B8521EC97E1F00D69E9D /* MXTabBarController.h */,
				1E21B8531EC97E1F00D69E9D /* MXTabBarController.m */,
				1E21B8541EC97E1F00D69E9D /* NSString+Add.h */,
				1E21B8551EC97E1F00D69E9D /* NSString+Add.m */,
				1E21B8561EC97E1F00D69E9D /* UIView+Add.h */,
				1E21B8571EC97E1F00D69E9D /* UIView+Add.m */,
				1E21B8581EC97E1F00D69E9D /* UIViewController+MXNavigation.h */,
				1E21B8591EC97E1F00D69E9D /* UIViewController+MXNavigation.m */,
			);
			path = NavAndTab;
			sourceTree = "<group>";
		};
		1EC2012B1EC994D20013E173 /* Model */ = {
			isa = PBXGroup;
			children = (
				1EC2012C1EC994E50013E173 /* JCBaseModel.h */,
				1EC2012D1EC994E50013E173 /* JCBaseModel.m */,
			);
			path = Model;
			sourceTree = "<group>";
		};
		1EC2013D1ECA9D590013E173 /* Class */ = {
			isa = PBXGroup;
			children = (
				1EC2013E1ECA9D590013E173 /* buddy_header_arrow@2x.png */,
				1EC2013F1ECA9D590013E173 /* ContactsGroupModel.h */,
				1EC201401ECA9D590013E173 /* ContactsGroupModel.m */,
				1EC201411ECA9D590013E173 /* ContactsListHeader.h */,
				1EC201421ECA9D590013E173 /* ContactsListHeader.m */,
			);
			path = Class;
			sourceTree = "<group>";
		};
		1EC2014B1ECAB46E0013E173 /* GridView */ = {
			isa = PBXGroup;
			children = (
				1EC2014C1ECAB46E0013E173 /* category */,
				1EC201571ECAB46E0013E173 /* GridButton.h */,
				1EC201581ECAB46E0013E173 /* GridButton.m */,
				1EC201591ECAB46E0013E173 /* GridView.h */,
				1EC2015A1ECAB46E0013E173 /* GridView.m */,
				1EC2015B1ECAB46E0013E173 /* Images */,
			);
			path = GridView;
			sourceTree = "<group>";
		};
		1EC2014C1ECAB46E0013E173 /* category */ = {
			isa = PBXGroup;
			children = (
				1EC2014D1ECAB46E0013E173 /* LxButton.h */,
				1EC2014E1ECAB46E0013E173 /* LxButton.m */,
				1EC2014F1ECAB46E0013E173 /* UIColor+Expanded.h */,
				1EC201501ECAB46E0013E173 /* UIColor+Expanded.m */,
				1EC201511ECAB46E0013E173 /* UILabel+LXLabel.h */,
				1EC201521ECAB46E0013E173 /* UILabel+LXLabel.m */,
				1EC201551ECAB46E0013E173 /* UIView+Frame.h */,
				1EC201561ECAB46E0013E173 /* UIView+Frame.m */,
			);
			path = category;
			sourceTree = "<group>";
		};
		1EC2015B1ECAB46E0013E173 /* Images */ = {
			isa = PBXGroup;
			children = (
				1EC2015C1ECAB46E0013E173 /* add_businesses.png */,
				1EC2015D1ECAB46E0013E173 /* app_item_add.png */,
				1EC2015E1ECAB46E0013E173 /* app_item_bg.png */,
				1EC2015F1ECAB46E0013E173 /* app_item_plus.png */,
				1EC201601ECAB46E0013E173 /* app_item_pressed_bg.png */,
				1EC201611ECAB46E0013E173 /* more_icon_-transfer@2x.png */,
				1EC201621ECAB46E0013E173 /* more_icon_-transfer@3x.png */,
				1EC201631ECAB46E0013E173 /* more_icon_cancle_deal@2x.png */,
				1EC201641ECAB46E0013E173 /* more_icon_cancle_deal@3x.png */,
				1EC201651ECAB46E0013E173 /* more_icon_Credit-card-@2x.png */,
				1EC201661ECAB46E0013E173 /* more_icon_Credit-card-@3x.png */,
				1EC201671ECAB46E0013E173 /* more_icon_d1@2x.png */,
				1EC201681ECAB46E0013E173 /* more_icon_d1@3x.png */,
				1EC201691ECAB46E0013E173 /* more_icon_gift@2x.png */,
				1EC2016A1ECAB46E0013E173 /* more_icon_gift@3x.png */,
				1EC2016B1ECAB46E0013E173 /* more_icon_immediately@2x.png */,
				1EC2016C1ECAB46E0013E173 /* more_icon_immediately@3x.png */,
				1EC2016D1ECAB46E0013E173 /* more_icon_licai@2x.png */,
				1EC2016E1ECAB46E0013E173 /* more_icon_licai@3x.png */,
				1EC2016F1ECAB46E0013E173 /* more_icon_Mall@2x.png */,
				1EC201701ECAB46E0013E173 /* more_icon_Mall@3x.png */,
				1EC201711ECAB46E0013E173 /* more_icon_Manager@2x.png */,
				1EC201721ECAB46E0013E173 /* more_icon_Manager@3x.png */,
				1EC201731ECAB46E0013E173 /* more_icon_Prepaid-card@2x.png */,
				1EC201741ECAB46E0013E173 /* more_icon_Prepaidcard@3x.png */,
				1EC201751ECAB46E0013E173 /* more_icon_Recharge@2x.png */,
				1EC201761ECAB46E0013E173 /* more_icon_Recharge@3x.png */,
				1EC201771ECAB46E0013E173 /* more_icon_Search@2x.png */,
				1EC201781ECAB46E0013E173 /* more_icon_Search@3x.png */,
				1EC201791ECAB46E0013E173 /* more_icon_Settlement@2x.png */,
				1EC2017A1ECAB46E0013E173 /* more_icon_Settlement@3x.png */,
				1EC2017B1ECAB46E0013E173 /* more_icon_shouyin@2x.png */,
				1EC2017C1ECAB46E0013E173 /* more_icon_shouyin@3x.png */,
				1EC2017D1ECAB46E0013E173 /* more_icon_t0@2x.png */,
				1EC2017E1ECAB46E0013E173 /* more_icon_t0@3x.png */,
				1EC2017F1ECAB46E0013E173 /* more_icon_Transaction_flow@2x.png */,
				1EC201801ECAB46E0013E173 /* more_icon_Transaction_flow@3x.png */,
				1EC201811ECAB46E0013E173 /* more_icon_Transfer-@2x.png */,
				1EC201821ECAB46E0013E173 /* more_icon_Transfer-@3x.png */,
				1EC201831ECAB46E0013E173 /* work-order@2x.png */,
				1EC201841ECAB46E0013E173 /* work-order@3x.png */,
			);
			path = Images;
			sourceTree = "<group>";
		};
		A9F5F75D46C72511BFC15148 /* Frameworks */ = {
			isa = PBXGroup;
			children = (
				6107AB340FFFED4FCC1BBAD2 /* libPods-JCChartProject.a */,
			);
			name = Frameworks;
			sourceTree = "<group>";
		};
		D07CB4333A7046524486648E /* Pods */ = {
			isa = PBXGroup;
			children = (
				B61BFE7DE238B953A245FAB9 /* Pods-JCChartProject.debug.xcconfig */,
				92B40B3194CC02ECD0285EC4 /* Pods-JCChartProject.release.xcconfig */,
			);
			name = Pods;
			sourceTree = "<group>";
		};
/* End PBXGroup section */

/* Begin PBXNativeTarget section */
		1E21B7D81EC93A4300D69E9D /* JCChartProject */ = {
			isa = PBXNativeTarget;
			buildConfigurationList = 1E21B8061EC93A4400D69E9D /* Build configuration list for PBXNativeTarget "JCChartProject" */;
			buildPhases = (
				6257658E4A7776E1FDEA4139 /* [CP] Check Pods Manifest.lock */,
				1E21B7D51EC93A4300D69E9D /* Sources */,
				1E21B7D61EC93A4300D69E9D /* Frameworks */,
				1E21B7D71EC93A4300D69E9D /* Resources */,
				10883626A3C61FA89CE17932 /* [CP] Embed Pods Frameworks */,
				4D7E8B67E422500826AACDD4 /* [CP] Copy Pods Resources */,
			);
			buildRules = (
			);
			dependencies = (
			);
			name = JCChartProject;
			productName = JCChartProject;
			productReference = 1E21B7D91EC93A4300D69E9D /* JCChartProject.app */;
			productType = "com.apple.product-type.application";
		};
		1E21B7F11EC93A4400D69E9D /* JCChartProjectTests */ = {
			isa = PBXNativeTarget;
			buildConfigurationList = 1E21B8091EC93A4400D69E9D /* Build configuration list for PBXNativeTarget "JCChartProjectTests" */;
			buildPhases = (
				1E21B7EE1EC93A4400D69E9D /* Sources */,
				1E21B7EF1EC93A4400D69E9D /* Frameworks */,
				1E21B7F01EC93A4400D69E9D /* Resources */,
			);
			buildRules = (
			);
			dependencies = (
				1E21B7F41EC93A4400D69E9D /* PBXTargetDependency */,
			);
			name = JCChartProjectTests;
			productName = JCChartProjectTests;
			productReference = 1E21B7F21EC93A4400D69E9D /* JCChartProjectTests.xctest */;
			productType = "com.apple.product-type.bundle.unit-test";
		};
		1E21B7FC1EC93A4400D69E9D /* JCChartProjectUITests */ = {
			isa = PBXNativeTarget;
			buildConfigurationList = 1E21B80C1EC93A4400D69E9D /* Build configuration list for PBXNativeTarget "JCChartProjectUITests" */;
			buildPhases = (
				1E21B7F91EC93A4400D69E9D /* Sources */,
				1E21B7FA1EC93A4400D69E9D /* Frameworks */,
				1E21B7FB1EC93A4400D69E9D /* Resources */,
			);
			buildRules = (
			);
			dependencies = (
				1E21B7FF1EC93A4400D69E9D /* PBXTargetDependency */,
			);
			name = JCChartProjectUITests;
			productName = JCChartProjectUITests;
			productReference = 1E21B7FD1EC93A4400D69E9D /* JCChartProjectUITests.xctest */;
			productType = "com.apple.product-type.bundle.ui-testing";
		};
/* End PBXNativeTarget section */

/* Begin PBXProject section */
		1E21B7D11EC93A4300D69E9D /* Project object */ = {
			isa = PBXProject;
			attributes = {
				CLASSPREFIX = JC;
				LastUpgradeCheck = 0820;
				ORGANIZATIONNAME = JC;
				TargetAttributes = {
					1E21B7D81EC93A4300D69E9D = {
						CreatedOnToolsVersion = 8.2.1;
						DevelopmentTeam = XKF9ZBDS63;
						ProvisioningStyle = Automatic;
					};
					1E21B7F11EC93A4400D69E9D = {
						CreatedOnToolsVersion = 8.2.1;
						DevelopmentTeam = XKF9ZBDS63;
						ProvisioningStyle = Automatic;
						TestTargetID = 1E21B7D81EC93A4300D69E9D;
					};
					1E21B7FC1EC93A4400D69E9D = {
						CreatedOnToolsVersion = 8.2.1;
						DevelopmentTeam = XKF9ZBDS63;
						ProvisioningStyle = Automatic;
						TestTargetID = 1E21B7D81EC93A4300D69E9D;
					};
				};
			};
			buildConfigurationList = 1E21B7D41EC93A4300D69E9D /* Build configuration list for PBXProject "JCChartProject" */;
			compatibilityVersion = "Xcode 3.2";
			developmentRegion = English;
			hasScannedForEncodings = 0;
			knownRegions = (
				en,
				Base,
			);
			mainGroup = 1E21B7D01EC93A4300D69E9D;
			productRefGroup = 1E21B7DA1EC93A4300D69E9D /* Products */;
			projectDirPath = "";
			projectRoot = "";
			targets = (
				1E21B7D81EC93A4300D69E9D /* JCChartProject */,
				1E21B7F11EC93A4400D69E9D /* JCChartProjectTests */,
				1E21B7FC1EC93A4400D69E9D /* JCChartProjectUITests */,
			);
		};
/* End PBXProject section */

/* Begin PBXResourcesBuildPhase section */
		1E21B7D71EC93A4300D69E9D /* Resources */ = {
			isa = PBXResourcesBuildPhase;
			buildActionMask = 2147483647;
			files = (
				1E21B8751EC97ECE00D69E9D /* JCMoreVC.xib in Resources */,
				1EC201AF1ECAB46E0013E173 /* more_icon_t0@3x.png in Resources */,
				1EC2018D1ECAB46E0013E173 /* add_businesses.png in Resources */,
				1EC201AA1ECAB46E0013E173 /* more_icon_Settlement@2x.png in Resources */,
				1EC201A01ECAB46E0013E173 /* more_icon_Mall@2x.png in Resources */,
				1EC201AB1ECAB46E0013E173 /* more_icon_Settlement@3x.png in Resources */,
				1EC201A51ECAB46E0013E173 /* more_icon_Prepaidcard@3x.png in Resources */,
				1EC201931ECAB46E0013E173 /* more_icon_-transfer@3x.png in Resources */,
				1EC201A91ECAB46E0013E173 /* more_icon_Search@3x.png in Resources */,
				1EC2014A1ECAB3760013E173 /* JCFuncThirdVC.xib in Resources */,
				1EC201B01ECAB46E0013E173 /* more_icon_Transaction_flow@2x.png in Resources */,
				1EC201921ECAB46E0013E173 /* more_icon_-transfer@2x.png in Resources */,
				1E21B87A1EC9837000D69E9D /* JCFuncSecondVC.xib in Resources */,
				1EC201A61ECAB46E0013E173 /* more_icon_Recharge@2x.png in Resources */,
				1EC201AC1ECAB46E0013E173 /* more_icon_shouyin@2x.png in Resources */,
				1EC201AE1ECAB46E0013E173 /* more_icon_t0@2x.png in Resources */,
				1EC201B21ECAB46E0013E173 /* more_icon_Transfer-@2x.png in Resources */,
				1E21B8661EC97E9B00D69E9D /* JCHomeVC.xib in Resources */,
				1EC2019A1ECAB46E0013E173 /* more_icon_gift@2x.png in Resources */,
				1EC201B11ECAB46E0013E173 /* more_icon_Transaction_flow@3x.png in Resources */,
				1E21B7EC1EC93A4300D69E9D /* LaunchScreen.storyboard in Resources */,
				1EC2019C1ECAB46E0013E173 /* more_icon_immediately@2x.png in Resources */,
				1EC201A81ECAB46E0013E173 /* more_icon_Search@2x.png in Resources */,
				1EC2019F1ECAB46E0013E173 /* more_icon_licai@3x.png in Resources */,
				1EC201A71ECAB46E0013E173 /* more_icon_Recharge@3x.png in Resources */,
				1EC201911ECAB46E0013E173 /* app_item_pressed_bg.png in Resources */,
				1EC201901ECAB46E0013E173 /* app_item_plus.png in Resources */,
				1EC201A21ECAB46E0013E173 /* more_icon_Manager@2x.png in Resources */,
				1EC201971ECAB46E0013E173 /* more_icon_Credit-card-@3x.png in Resources */,
				1EC201431ECA9D590013E173 /* buddy_header_arrow@2x.png in Resources */,
				1EC201A31ECAB46E0013E173 /* more_icon_Manager@3x.png in Resources */,
				1EC201B41ECAB46E0013E173 /* work-order@2x.png in Resources */,
				1EC201951ECAB46E0013E173 /* more_icon_cancle_deal@3x.png in Resources */,
				1EC201AD1ECAB46E0013E173 /* more_icon_shouyin@3x.png in Resources */,
				1E21B8701EC97EBF00D69E9D /* JCStrategyVC.xib in Resources */,
				1EC201A41ECAB46E0013E173 /* more_icon_Prepaid-card@2x.png in Resources */,
				1EC2013C1ECA94620013E173 /* JCFunctionCell.xib in Resources */,
				1EC201A11ECAB46E0013E173 /* more_icon_Mall@3x.png in Resources */,
				1EC201981ECAB46E0013E173 /* more_icon_d1@2x.png in Resources */,
				1EC2019B1ECAB46E0013E173 /* more_icon_gift@3x.png in Resources */,
				1EC201991ECAB46E0013E173 /* more_icon_d1@3x.png in Resources */,
				1EC201B31ECAB46E0013E173 /* more_icon_Transfer-@3x.png in Resources */,
				1EC2019E1ECAB46E0013E173 /* more_icon_licai@2x.png in Resources */,
				1EC201B51ECAB46E0013E173 /* work-order@3x.png in Resources */,
				1EC2018F1ECAB46E0013E173 /* app_item_bg.png in Resources */,
				1EC201941ECAB46E0013E173 /* more_icon_cancle_deal@2x.png in Resources */,
				1EC201961ECAB46E0013E173 /* more_icon_Credit-card-@2x.png in Resources */,
				1E21B7E91EC93A4300D69E9D /* Assets.xcassets in Resources */,
				1EC2019D1ECAB46E0013E173 /* more_icon_immediately@3x.png in Resources */,
				1EC2018E1ECAB46E0013E173 /* app_item_add.png in Resources */,
				1E21B7E71EC93A4300D69E9D /* Main.storyboard in Resources */,
				1E21B86B1EC97EA900D69E9D /* JCFunctionVC.xib in Resources */,
			);
			runOnlyForDeploymentPostprocessing = 0;
		};
		1E21B7F01EC93A4400D69E9D /* Resources */ = {
			isa = PBXResourcesBuildPhase;
			buildActionMask = 2147483647;
			files = (
			);
			runOnlyForDeploymentPostprocessing = 0;
		};
		1E21B7FB1EC93A4400D69E9D /* Resources */ = {
			isa = PBXResourcesBuildPhase;
			buildActionMask = 2147483647;
			files = (
			);
			runOnlyForDeploymentPostprocessing = 0;
		};
/* End PBXResourcesBuildPhase section */

/* Begin PBXShellScriptBuildPhase section */
		10883626A3C61FA89CE17932 /* [CP] Embed Pods Frameworks */ = {
			isa = PBXShellScriptBuildPhase;
			buildActionMask = 2147483647;
			files = (
			);
			inputPaths = (
			);
			name = "[CP] Embed Pods Frameworks";
			outputPaths = (
			);
			runOnlyForDeploymentPostprocessing = 0;
			shellPath = /bin/sh;
			shellScript = "\"${SRCROOT}/Pods/Target Support Files/Pods-JCChartProject/Pods-JCChartProject-frameworks.sh\"\n";
			showEnvVarsInLog = 0;
		};
		4D7E8B67E422500826AACDD4 /* [CP] Copy Pods Resources */ = {
			isa = PBXShellScriptBuildPhase;
			buildActionMask = 2147483647;
			files = (
			);
			inputPaths = (
			);
			name = "[CP] Copy Pods Resources";
			outputPaths = (
			);
			runOnlyForDeploymentPostprocessing = 0;
			shellPath = /bin/sh;
			shellScript = "\"${SRCROOT}/Pods/Target Support Files/Pods-JCChartProject/Pods-JCChartProject-resources.sh\"\n";
			showEnvVarsInLog = 0;
		};
		6257658E4A7776E1FDEA4139 /* [CP] Check Pods Manifest.lock */ = {
			isa = PBXShellScriptBuildPhase;
			buildActionMask = 2147483647;
			files = (
			);
			inputPaths = (
			);
			name = "[CP] Check Pods Manifest.lock";
			outputPaths = (
			);
			runOnlyForDeploymentPostprocessing = 0;
			shellPath = /bin/sh;
			shellScript = "diff \"${PODS_PODFILE_DIR_PATH}/Podfile.lock\" \"${PODS_ROOT}/Manifest.lock\" > /dev/null\nif [ $? != 0 ] ; then\n    # print error to STDERR\n    echo \"error: The sandbox is not in sync with the Podfile.lock. Run 'pod install' or update your CocoaPods installation.\" >&2\n    exit 1\nfi\n";
			showEnvVarsInLog = 0;
		};
/* End PBXShellScriptBuildPhase section */

/* Begin PBXSourcesBuildPhase section */
		1E21B7D51EC93A4300D69E9D /* Sources */ = {
			isa = PBXSourcesBuildPhase;
			buildActionMask = 2147483647;
			files = (
				1EC2013B1ECA94620013E173 /* JCFunctionCell.m in Sources */,
				1EC201861ECAB46E0013E173 /* LxButton.m in Sources */,
				1E21B8741EC97ECE00D69E9D /* JCMoreVC.m in Sources */,
				1EC201441ECA9D590013E173 /* ContactsGroupModel.m in Sources */,
				1EC2012E1EC994E50013E173 /* JCBaseModel.m in Sources */,
				1E21B8421EC97DF900D69E9D /* AppDelegate.m in Sources */,
				1EC2018C1ECAB46E0013E173 /* GridView.m in Sources */,
				1EC201491ECAB3760013E173 /* JCFuncThirdVC.m in Sources */,
				1E21B85A1EC97E1F00D69E9D /* MXBarButtonItem.m in Sources */,
				1E21B7DE1EC93A4300D69E9D /* main.m in Sources */,
				1EC201871ECAB46E0013E173 /* UIColor+Expanded.m in Sources */,
				1E21B85D1EC97E1F00D69E9D /* MXNavigationItem.m in Sources */,
				1E21B8441EC97DF900D69E9D /* ViewController.m in Sources */,
				1E21B86A1EC97EA900D69E9D /* JCFunctionVC.m in Sources */,
				1E21B8791EC9837000D69E9D /* JCFuncSecondVC.m in Sources */,
				1E21B85C1EC97E1F00D69E9D /* MXNavigationController.m in Sources */,
				1EC201311ECA88C10013E173 /* JCFuncBaseModel.m in Sources */,
				1E21B8461EC97DF900D69E9D /* XHHttpTool.m in Sources */,
				1E21B8431EC97DF900D69E9D /* Foundation+Log.m in Sources */,
				1EC2018A1ECAB46E0013E173 /* UIView+Frame.m in Sources */,
				1E21B8601EC97E1F00D69E9D /* UIView+Add.m in Sources */,
				1E21B8611EC97E1F00D69E9D /* UIViewController+MXNavigation.m in Sources */,
				1E21B85B1EC97E1F00D69E9D /* MXNavigationBar.m in Sources */,
				1EC2018B1ECAB46E0013E173 /* GridButton.m in Sources */,
				1E21B86F1EC97EBF00D69E9D /* JCStrategyVC.m in Sources */,
				1EC201451ECA9D590013E173 /* ContactsListHeader.m in Sources */,
				1E21B85F1EC97E1F00D69E9D /* NSString+Add.m in Sources */,
				1E21B85E1EC97E1F00D69E9D /* MXTabBarController.m in Sources */,
				1EC201881ECAB46E0013E173 /* UILabel+LXLabel.m in Sources */,
				1E21B8651EC97E9B00D69E9D /* JCHomeVC.m in Sources */,
				1E21B8451EC97DF900D69E9D /* XHConst.m in Sources */,
			);
			runOnlyForDeploymentPostprocessing = 0;
		};
		1E21B7EE1EC93A4400D69E9D /* Sources */ = {
			isa = PBXSourcesBuildPhase;
			buildActionMask = 2147483647;
			files = (
				1E21B7F71EC93A4400D69E9D /* JCChartProjectTests.m in Sources */,
			);
			runOnlyForDeploymentPostprocessing = 0;
		};
		1E21B7F91EC93A4400D69E9D /* Sources */ = {
			isa = PBXSourcesBuildPhase;
			buildActionMask = 2147483647;
			files = (
				1E21B8021EC93A4400D69E9D /* JCChartProjectUITests.m in Sources */,
			);
			runOnlyForDeploymentPostprocessing = 0;
		};
/* End PBXSourcesBuildPhase section */

/* Begin PBXTargetDependency section */
		1E21B7F41EC93A4400D69E9D /* PBXTargetDependency */ = {
			isa = PBXTargetDependency;
			target = 1E21B7D81EC93A4300D69E9D /* JCChartProject */;
			targetProxy = 1E21B7F31EC93A4400D69E9D /* PBXContainerItemProxy */;
		};
		1E21B7FF1EC93A4400D69E9D /* PBXTargetDependency */ = {
			isa = PBXTargetDependency;
			target = 1E21B7D81EC93A4300D69E9D /* JCChartProject */;
			targetProxy = 1E21B7FE1EC93A4400D69E9D /* PBXContainerItemProxy */;
		};
/* End PBXTargetDependency section */

/* Begin PBXVariantGroup section */
		1E21B7E51EC93A4300D69E9D /* Main.storyboard */ = {
			isa = PBXVariantGroup;
			children = (
				1E21B7E61EC93A4300D69E9D /* Base */,
			);
			name = Main.storyboard;
			sourceTree = "<group>";
		};
		1E21B7EA1EC93A4300D69E9D /* LaunchScreen.storyboard */ = {
			isa = PBXVariantGroup;
			children = (
				1E21B7EB1EC93A4300D69E9D /* Base */,
			);
			name = LaunchScreen.storyboard;
			sourceTree = "<group>";
		};
/* End PBXVariantGroup section */

/* Begin XCBuildConfiguration section */
		1E21B8041EC93A4400D69E9D /* Debug */ = {
			isa = XCBuildConfiguration;
			buildSettings = {
				ALWAYS_SEARCH_USER_PATHS = NO;
				CLANG_ANALYZER_NONNULL = YES;
				CLANG_CXX_LANGUAGE_STANDARD = "gnu++0x";
				CLANG_CXX_LIBRARY = "libc++";
				CLANG_ENABLE_MODULES = YES;
				CLANG_ENABLE_OBJC_ARC = YES;
				CLANG_WARN_BOOL_CONVERSION = YES;
				CLANG_WARN_CONSTANT_CONVERSION = YES;
				CLANG_WARN_DIRECT_OBJC_ISA_USAGE = YES_ERROR;
				CLANG_WARN_DOCUMENTATION_COMMENTS = YES;
				CLANG_WARN_EMPTY_BODY = YES;
				CLANG_WARN_ENUM_CONVERSION = YES;
				CLANG_WARN_INFINITE_RECURSION = YES;
				CLANG_WARN_INT_CONVERSION = YES;
				CLANG_WARN_OBJC_ROOT_CLASS = YES_ERROR;
				CLANG_WARN_SUSPICIOUS_MOVE = YES;
				CLANG_WARN_UNREACHABLE_CODE = YES;
				CLANG_WARN__DUPLICATE_METHOD_MATCH = YES;
				"CODE_SIGN_IDENTITY[sdk=iphoneos*]" = "iPhone Developer";
				COPY_PHASE_STRIP = NO;
				DEBUG_INFORMATION_FORMAT = dwarf;
				ENABLE_STRICT_OBJC_MSGSEND = YES;
				ENABLE_TESTABILITY = YES;
				GCC_C_LANGUAGE_STANDARD = gnu99;
				GCC_DYNAMIC_NO_PIC = NO;
				GCC_NO_COMMON_BLOCKS = YES;
				GCC_OPTIMIZATION_LEVEL = 0;
				GCC_PREPROCESSOR_DEFINITIONS = (
					"DEBUG=1",
					"$(inherited)",
				);
				GCC_WARN_64_TO_32_BIT_CONVERSION = YES;
				GCC_WARN_ABOUT_RETURN_TYPE = YES_ERROR;
				GCC_WARN_UNDECLARED_SELECTOR = YES;
				GCC_WARN_UNINITIALIZED_AUTOS = YES_AGGRESSIVE;
				GCC_WARN_UNUSED_FUNCTION = YES;
				GCC_WARN_UNUSED_VARIABLE = YES;
				IPHONEOS_DEPLOYMENT_TARGET = 10.2;
				MTL_ENABLE_DEBUG_INFO = YES;
				ONLY_ACTIVE_ARCH = YES;
				SDKROOT = iphoneos;
				TARGETED_DEVICE_FAMILY = "1,2";
			};
			name = Debug;
		};
		1E21B8051EC93A4400D69E9D /* Release */ = {
			isa = XCBuildConfiguration;
			buildSettings = {
				ALWAYS_SEARCH_USER_PATHS = NO;
				CLANG_ANALYZER_NONNULL = YES;
				CLANG_CXX_LANGUAGE_STANDARD = "gnu++0x";
				CLANG_CXX_LIBRARY = "libc++";
				CLANG_ENABLE_MODULES = YES;
				CLANG_ENABLE_OBJC_ARC = YES;
				CLANG_WARN_BOOL_CONVERSION = YES;
				CLANG_WARN_CONSTANT_CONVERSION = YES;
				CLANG_WARN_DIRECT_OBJC_ISA_USAGE = YES_ERROR;
				CLANG_WARN_DOCUMENTATION_COMMENTS = YES;
				CLANG_WARN_EMPTY_BODY = YES;
				CLANG_WARN_ENUM_CONVERSION = YES;
				CLANG_WARN_INFINITE_RECURSION = YES;
				CLANG_WARN_INT_CONVERSION = YES;
				CLANG_WARN_OBJC_ROOT_CLASS = YES_ERROR;
				CLANG_WARN_SUSPICIOUS_MOVE = YES;
				CLANG_WARN_UNREACHABLE_CODE = YES;
				CLANG_WARN__DUPLICATE_METHOD_MATCH = YES;
				"CODE_SIGN_IDENTITY[sdk=iphoneos*]" = "iPhone Developer";
				COPY_PHASE_STRIP = NO;
				DEBUG_INFORMATION_FORMAT = "dwarf-with-dsym";
				ENABLE_NS_ASSERTIONS = NO;
				ENABLE_STRICT_OBJC_MSGSEND = YES;
				GCC_C_LANGUAGE_STANDARD = gnu99;
				GCC_NO_COMMON_BLOCKS = YES;
				GCC_WARN_64_TO_32_BIT_CONVERSION = YES;
				GCC_WARN_ABOUT_RETURN_TYPE = YES_ERROR;
				GCC_WARN_UNDECLARED_SELECTOR = YES;
				GCC_WARN_UNINITIALIZED_AUTOS = YES_AGGRESSIVE;
				GCC_WARN_UNUSED_FUNCTION = YES;
				GCC_WARN_UNUSED_VARIABLE = YES;
				IPHONEOS_DEPLOYMENT_TARGET = 10.2;
				MTL_ENABLE_DEBUG_INFO = NO;
				SDKROOT = iphoneos;
				TARGETED_DEVICE_FAMILY = "1,2";
				VALIDATE_PRODUCT = YES;
			};
			name = Release;
		};
		1E21B8071EC93A4400D69E9D /* Debug */ = {
			isa = XCBuildConfiguration;
			baseConfigurationReference = B61BFE7DE238B953A245FAB9 /* Pods-JCChartProject.debug.xcconfig */;
			buildSettings = {
				ASSETCATALOG_COMPILER_APPICON_NAME = AppIcon;
				DEVELOPMENT_TEAM = XKF9ZBDS63;
				INFOPLIST_FILE = JCChartProject/Info.plist;
				LD_RUNPATH_SEARCH_PATHS = "$(inherited) @executable_path/Frameworks";
				PRODUCT_BUNDLE_IDENTIFIER = com.JCChart.www.JCChartProject;
				PRODUCT_NAME = "$(TARGET_NAME)";
			};
			name = Debug;
		};
		1E21B8081EC93A4400D69E9D /* Release */ = {
			isa = XCBuildConfiguration;
			baseConfigurationReference = 92B40B3194CC02ECD0285EC4 /* Pods-JCChartProject.release.xcconfig */;
			buildSettings = {
				ASSETCATALOG_COMPILER_APPICON_NAME = AppIcon;
				DEVELOPMENT_TEAM = XKF9ZBDS63;
				INFOPLIST_FILE = JCChartProject/Info.plist;
				LD_RUNPATH_SEARCH_PATHS = "$(inherited) @executable_path/Frameworks";
				PRODUCT_BUNDLE_IDENTIFIER = com.JCChart.www.JCChartProject;
				PRODUCT_NAME = "$(TARGET_NAME)";
			};
			name = Release;
		};
		1E21B80A1EC93A4400D69E9D /* Debug */ = {
			isa = XCBuildConfiguration;
			buildSettings = {
				BUNDLE_LOADER = "$(TEST_HOST)";
				DEVELOPMENT_TEAM = XKF9ZBDS63;
				INFOPLIST_FILE = JCChartProjectTests/Info.plist;
				LD_RUNPATH_SEARCH_PATHS = "$(inherited) @executable_path/Frameworks @loader_path/Frameworks";
				PRODUCT_BUNDLE_IDENTIFIER = com.JCChart.www.JCChartProjectTests;
				PRODUCT_NAME = "$(TARGET_NAME)";
				TEST_HOST = "$(BUILT_PRODUCTS_DIR)/JCChartProject.app/JCChartProject";
			};
			name = Debug;
		};
		1E21B80B1EC93A4400D69E9D /* Release */ = {
			isa = XCBuildConfiguration;
			buildSettings = {
				BUNDLE_LOADER = "$(TEST_HOST)";
				DEVELOPMENT_TEAM = XKF9ZBDS63;
				INFOPLIST_FILE = JCChartProjectTests/Info.plist;
				LD_RUNPATH_SEARCH_PATHS = "$(inherited) @executable_path/Frameworks @loader_path/Frameworks";
				PRODUCT_BUNDLE_IDENTIFIER = com.JCChart.www.JCChartProjectTests;
				PRODUCT_NAME = "$(TARGET_NAME)";
				TEST_HOST = "$(BUILT_PRODUCTS_DIR)/JCChartProject.app/JCChartProject";
			};
			name = Release;
		};
		1E21B80D1EC93A4400D69E9D /* Debug */ = {
			isa = XCBuildConfiguration;
			buildSettings = {
				DEVELOPMENT_TEAM = XKF9ZBDS63;
				INFOPLIST_FILE = JCChartProjectUITests/Info.plist;
				LD_RUNPATH_SEARCH_PATHS = "$(inherited) @executable_path/Frameworks @loader_path/Frameworks";
				PRODUCT_BUNDLE_IDENTIFIER = com.JCChart.www.JCChartProjectUITests;
				PRODUCT_NAME = "$(TARGET_NAME)";
				TEST_TARGET_NAME = JCChartProject;
			};
			name = Debug;
		};
		1E21B80E1EC93A4400D69E9D /* Release */ = {
			isa = XCBuildConfiguration;
			buildSettings = {
				DEVELOPMENT_TEAM = XKF9ZBDS63;
				INFOPLIST_FILE = JCChartProjectUITests/Info.plist;
				LD_RUNPATH_SEARCH_PATHS = "$(inherited) @executable_path/Frameworks @loader_path/Frameworks";
				PRODUCT_BUNDLE_IDENTIFIER = com.JCChart.www.JCChartProjectUITests;
				PRODUCT_NAME = "$(TARGET_NAME)";
				TEST_TARGET_NAME = JCChartProject;
			};
			name = Release;
		};
/* End XCBuildConfiguration section */

/* Begin XCConfigurationList section */
		1E21B7D41EC93A4300D69E9D /* Build configuration list for PBXProject "JCChartProject" */ = {
			isa = XCConfigurationList;
			buildConfigurations = (
				1E21B8041EC93A4400D69E9D /* Debug */,
				1E21B8051EC93A4400D69E9D /* Release */,
			);
			defaultConfigurationIsVisible = 0;
			defaultConfigurationName = Release;
		};
		1E21B8061EC93A4400D69E9D /* Build configuration list for PBXNativeTarget "JCChartProject" */ = {
			isa = XCConfigurationList;
			buildConfigurations = (
				1E21B8071EC93A4400D69E9D /* Debug */,
				1E21B8081EC93A4400D69E9D /* Release */,
			);
			defaultConfigurationIsVisible = 0;
			defaultConfigurationName = Release;
		};
		1E21B8091EC93A4400D69E9D /* Build configuration list for PBXNativeTarget "JCChartProjectTests" */ = {
			isa = XCConfigurationList;
			buildConfigurations = (
				1E21B80A1EC93A4400D69E9D /* Debug */,
				1E21B80B1EC93A4400D69E9D /* Release */,
			);
			defaultConfigurationIsVisible = 0;
			defaultConfigurationName = Release;
		};
		1E21B80C1EC93A4400D69E9D /* Build configuration list for PBXNativeTarget "JCChartProjectUITests" */ = {
			isa = XCConfigurationList;
			buildConfigurations = (
				1E21B80D1EC93A4400D69E9D /* Debug */,
				1E21B80E1EC93A4400D69E9D /* Release */,
			);
			defaultConfigurationIsVisible = 0;
			defaultConfigurationName = Release;
		};
/* End XCConfigurationList section */
	};
	rootObject = 1E21B7D11EC93A4300D69E9D /* Project object */;
}
